{
	"name": "svelte-fullcalendar",
	"requires": true,
	"lockfileVersion": 1,
	"dependencies": {
		"@fullcalendar/common": {
			"version": "5.2.0",
			"resolved": "https://registry.npmjs.org/@fullcalendar/common/-/common-5.2.0.tgz",
			"integrity": "sha512-fh2Mp09lzIwlh3AJT5xw1r4jFKMOGRmdpmzJX+qvv3BJrg7P6ze4FLhoIpDRe13wmUpQuQEznk9pY99eFGxVXQ==",
			"requires": {
				"tslib": "^2.0.0"
			}
		},
		"@fullcalendar/core": {
			"version": "5.2.1",
			"resolved": "https://registry.npmjs.org/@fullcalendar/core/-/core-5.2.1.tgz",
			"integrity": "sha512-5NHy5c9a2NokZkPiSk1+zRh4to/reE2ytu2NA/a/deJG7Ai/nM9oUaJj4TO25R5p9U9I+T9x7D3vM+X8Yu5izw==",
			"requires": {
				"@fullcalendar/common": "~5.2.0",
				"preact": "^10.0.5",
				"tslib": "^2.0.0"
			}
		},
		"preact": {
			"version": "10.4.8",
			"resolved": "https://registry.npmjs.org/preact/-/preact-10.4.8.tgz",
			"integrity": "sha512-uVLeEAyRsCkUEFhVHlOu17OxcrwC7+hTGZ08kBoLBiGHiZooUZuibQnphgMKftw/rqYntNMyhVCPqQhcyAGHag=="
		},
		"tslib": {
			"version": "2.0.1",
			"resolved": "https://registry.npmjs.org/tslib/-/tslib-2.0.1.tgz",
			"integrity": "sha512-SgIkNheinmEBgx1IUNirK0TUD4X9yjjBRTqqjggWCU3pUEqIk3/Uwl3yRixYKT6WjQuGiwDv4NomL3wqRCj+CQ=="
		}
	}
}
