{
	"name": "svelte-fullcalendar",
	"version": "1.0.0",
	"lockfileVersion": 1,
	"requires": true,
	"dependencies": {
		"@fullcalendar/common": {
			"version": "5.2.0",
			"resolved": "https://registry.npmjs.org/@fullcalendar/common/-/common-5.2.0.tgz",
			"integrity": "sha512-fh2Mp09lzIwlh3AJT5xw1r4jFKMOGRmdpmzJX+qvv3BJrg7P6ze4FLhoIpDRe13wmUpQuQEznk9pY99eFGxVXQ==",
			"requires": {
				"tslib": "^2.0.0"
			}
		},
		"@fullcalendar/core": {
			"version": "5.2.1",
			"resolved": "https://registry.npmjs.org/@fullcalendar/core/-/core-5.2.1.tgz",
			"integrity": "sha512-5NHy5c9a2NokZkPiSk1+zRh4to/reE2ytu2NA/a/deJG7Ai/nM9oUaJj4TO25R5p9U9I+T9x7D3vM+X8Yu5izw==",
			"requires": {
				"@fullcalendar/common": "~5.2.0",
				"preact": "^10.0.5",
				"tslib": "^2.0.0"
			}
		},
		"@fullcalendar/interaction": {
			"version": "5.3.1",
			"resolved": "https://registry.npmjs.org/@fullcalendar/interaction/-/interaction-5.3.1.tgz",
			"integrity": "sha512-S1QAIazLQ7yBlUFyQbXzvXj36u39/G6H0qI2bUuQ4lY5VlUMGkiKZqb8oDHz1wE9/keuBL5CX2K/WTDGJ19Mng==",
			"optional": true,
			"requires": {
				"@fullcalendar/common": "~5.3.1",
				"tslib": "^2.0.0"
			},
			"dependencies": {
				"@fullcalendar/common": {
					"version": "5.3.1",
					"resolved": "https://registry.npmjs.org/@fullcalendar/common/-/common-5.3.1.tgz",
					"integrity": "sha512-2PREEpiFQSDN5MNdoD/OkpJ+d7FPtN2TwTJMsuq3fTjmj3nM+utrxBmUr9a2F6WWW1X+xGU5nHQA52vhqIiQOQ==",
					"optional": true,
					"requires": {
						"tslib": "^2.0.0"
					}
				}
			}
		},
		"preact": {
			"version": "10.4.8",
			"resolved": "https://registry.npmjs.org/preact/-/preact-10.4.8.tgz",
			"integrity": "sha512-uVLeEAyRsCkUEFhVHlOu17OxcrwC7+hTGZ08kBoLBiGHiZooUZuibQnphgMKftw/rqYntNMyhVCPqQhcyAGHag=="
		},
		"tslib": {
			"version": "2.0.1",
			"resolved": "https://registry.npmjs.org/tslib/-/tslib-2.0.1.tgz",
			"integrity": "sha512-SgIkNheinmEBgx1IUNirK0TUD4X9yjjBRTqqjggWCU3pUEqIk3/Uwl3yRixYKT6WjQuGiwDv4NomL3wqRCj+CQ=="
		}
	}
}
